
Microsoft Visual Studio Solution File, Format Version 12.00
Project("{FAE04EC0-301F-11D3-BF4B-00C04F79EFBC}") = "FizzBuzz", "FizzBuzz\FizzBuzz.csproj", "{7FF8EF8F-C102-492E-86A8-5B8746AE17A2}"
EndProject
Project("{FAE04EC0-301F-11D3-BF4B-00C04F79EFBC}") = "FizzBuzz.Test", "FizzBuzz.Test\FizzBuzz.Test.csproj", "{F35A9002-9220-4C24-AED2-63BFE3125092}"
EndProject
Global
	GlobalSection(SolutionConfigurationPlatforms) = preSolution
		Debug|Any CPU = Debug|Any CPU
		Release|Any CPU = Release|Any CPU
	EndGlobalSection
	GlobalSection(ProjectConfigurationPlatforms) = postSolution
		{7FF8EF8F-C102-492E-86A8-5B8746AE17A2}.Debug|Any CPU.ActiveCfg = Debug|Any CPU
		{7FF8EF8F-C102-492E-86A8-5B8746AE17A2}.Debug|Any CPU.Build.0 = Debug|Any CPU
		{7FF8EF8F-C102-492E-86A8-5B8746AE17A2}.Release|Any CPU.ActiveCfg = Release|Any CPU
		{7FF8EF8F-C102-492E-86A8-5B8746AE17A2}.Release|Any CPU.Build.0 = Release|Any CPU
		{F35A9002-9220-4C24-AED2-63BFE3125092}.Debug|Any CPU.ActiveCfg = Debug|Any CPU
		{F35A9002-9220-4C24-AED2-63BFE3125092}.Debug|Any CPU.Build.0 = Debug|Any CPU
		{F35A9002-9220-4C24-AED2-63BFE3125092}.Release|Any CPU.ActiveCfg = Release|Any CPU
		{F35A9002-9220-4C24-AED2-63BFE3125092}.Release|Any CPU.Build.0 = Release|Any CPU
	EndGlobalSection
EndGlobal
